
Microsoft Visual Studio Solution File, Format Version 12.00
# Visual Studio 15
VisualStudioVersion = 15.0.28307.489
MinimumVisualStudioVersion = 10.0.40219.1
Project("{FAE04EC0-301F-11D3-BF4B-00C04F79EFBC}") = "TrainingPlan.Models", "TrainingPlan.Models\TrainingPlan.Models.csproj", "{21EC2714-BC0E-471D-9927-B2D8CC77841A}"
EndProject
Project("{FAE04EC0-301F-11D3-BF4B-00C04F79EFBC}") = "TrainingPlan.SqlServer", "TrainingPlan.Data\TrainingPlan.SqlServer.csproj", "{9A189AA3-389A-492A-A9E8-EA38EAE18638}"
EndProject
Project("{FAE04EC0-301F-11D3-BF4B-00C04F79EFBC}") = "TrainingPlan.Web.Api", "TrainingPlan.Web.Api\TrainingPlan.Web.Api.csproj", "{EEECC876-5194-4592-93FB-4F7B2C0CAB45}"
EndProject
Global
	GlobalSection(SolutionConfigurationPlatforms) = preSolution
		Debug|Any CPU = Debug|Any CPU
		Release|Any CPU = Release|Any CPU
	EndGlobalSection
	GlobalSection(ProjectConfigurationPlatforms) = postSolution
		{21EC2714-BC0E-471D-9927-B2D8CC77841A}.Debug|Any CPU.ActiveCfg = Debug|Any CPU
		{21EC2714-BC0E-471D-9927-B2D8CC77841A}.Debug|Any CPU.Build.0 = Debug|Any CPU
		{21EC2714-BC0E-471D-9927-B2D8CC77841A}.Release|Any CPU.ActiveCfg = Release|Any CPU
		{21EC2714-BC0E-471D-9927-B2D8CC77841A}.Release|Any CPU.Build.0 = Release|Any CPU
		{9A189AA3-389A-492A-A9E8-EA38EAE18638}.Debug|Any CPU.ActiveCfg = Debug|Any CPU
		{9A189AA3-389A-492A-A9E8-EA38EAE18638}.Debug|Any CPU.Build.0 = Debug|Any CPU
		{9A189AA3-389A-492A-A9E8-EA38EAE18638}.Release|Any CPU.ActiveCfg = Release|Any CPU
		{9A189AA3-389A-492A-A9E8-EA38EAE18638}.Release|Any CPU.Build.0 = Release|Any CPU
		{EEECC876-5194-4592-93FB-4F7B2C0CAB45}.Debug|Any CPU.ActiveCfg = Debug|Any CPU
		{EEECC876-5194-4592-93FB-4F7B2C0CAB45}.Debug|Any CPU.Build.0 = Debug|Any CPU
		{EEECC876-5194-4592-93FB-4F7B2C0CAB45}.Release|Any CPU.ActiveCfg = Release|Any CPU
		{EEECC876-5194-4592-93FB-4F7B2C0CAB45}.Release|Any CPU.Build.0 = Release|Any CPU
	EndGlobalSection
	GlobalSection(SolutionProperties) = preSolution
		HideSolutionNode = FALSE
	EndGlobalSection
	GlobalSection(ExtensibilityGlobals) = postSolution
		SolutionGuid = {CBEFA04E-72B9-4C4E-ADF0-0BCF9C9820BA}
	EndGlobalSection
EndGlobal
